// !$*UTF8*$!
{
	archiveVersion = 1;
	classes = {
	};
	objectVersion = 56;
	objects = {

/* Begin PBXBuildFile section */
		C98547572C04FD9D00E48989 /* CardTemplateView.swift in Sources */ = {isa = PBXBuildFile; fileRef = C98547562C04FD9D00E48989 /* CardTemplateView.swift */; };
		C9A8FF4F2C0429A80004A888 /* ScrollingCardsDemoApp.swift in Sources */ = {isa = PBXBuildFile; fileRef = C9A8FF4E2C0429A80004A888 /* ScrollingCardsDemoApp.swift */; };
		C9A8FF532C0429A80004A888 /* ContentView.swift in Sources */ = {isa = PBXBuildFile; fileRef = C9A8FF522C0429A80004A888 /* ContentView.swift */; };
		C9A8FF552C0429A90004A888 /* Assets.xcassets in Resources */ = {isa = PBXBuildFile; fileRef = C9A8FF542C0429A90004A888 /* Assets.xcassets */; };
		C9A8FF5A2C0429A90004A888 /* Preview Assets.xcassets in Resources */ = {isa = PBXBuildFile; fileRef = C9A8FF592C0429A90004A888 /* Preview Assets.xcassets */; };
		C9A8FF642C0429A90004A888 /* ScrollingCardsDemoTests.swift in Sources */ = {isa = PBXBuildFile; fileRef = C9A8FF632C0429A90004A888 /* ScrollingCardsDemoTests.swift */; };
		C9A8FF6E2C0429A90004A888 /* ScrollingCardsDemoUITests.swift in Sources */ = {isa = PBXBuildFile; fileRef = C9A8FF6D2C0429A90004A888 /* ScrollingCardsDemoUITests.swift */; };
		C9A8FF702C0429A90004A888 /* ScrollingCardsDemoUITestsLaunchTests.swift in Sources */ = {isa = PBXBuildFile; fileRef = C9A8FF6F2C0429A90004A888 /* ScrollingCardsDemoUITestsLaunchTests.swift */; };
		C9A8FF7D2C0429DE0004A888 /* CardView.swift in Sources */ = {isa = PBXBuildFile; fileRef = C9A8FF7C2C0429DE0004A888 /* CardView.swift */; };
		C9A8FF812C042B240004A888 /* NeutralFace-Bold.otf in Resources */ = {isa = PBXBuildFile; fileRef = C9A8FF7F2C042B210004A888 /* NeutralFace-Bold.otf */; };
		C9A8FF822C042B280004A888 /* NeutralFace.otf in Resources */ = {isa = PBXBuildFile; fileRef = C9A8FF802C042B210004A888 /* NeutralFace.otf */; };
		C9A8FF872C042C650004A888 /* UIConstants.swift in Sources */ = {isa = PBXBuildFile; fileRef = C9A8FF862C042C650004A888 /* UIConstants.swift */; };
		C9A8FF892C0434CC0004A888 /* StyledScrollView.swift in Sources */ = {isa = PBXBuildFile; fileRef = C9A8FF882C0434CC0004A888 /* StyledScrollView.swift */; };
		C9A8FF8C2C0436FE0004A888 /* UIUniversals in Frameworks */ = {isa = PBXBuildFile; productRef = C9A8FF8B2C0436FE0004A888 /* UIUniversals */; };
/* End PBXBuildFile section */

/* Begin PBXContainerItemProxy section */
		C9A8FF602C0429A90004A888 /* PBXContainerItemProxy */ = {
			isa = PBXContainerItemProxy;
			containerPortal = C9A8FF432C0429A80004A888 /* Project object */;
			proxyType = 1;
			remoteGlobalIDString = C9A8FF4A2C0429A80004A888;
			remoteInfo = ScrollingCardsDemo;
		};
		C9A8FF6A2C0429A90004A888 /* PBXContainerItemProxy */ = {
			isa = PBXContainerItemProxy;
			containerPortal = C9A8FF432C0429A80004A888 /* Project object */;
			proxyType = 1;
			remoteGlobalIDString = C9A8FF4A2C0429A80004A888;
			remoteInfo = ScrollingCardsDemo;
		};
/* End PBXContainerItemProxy section */

/* Begin PBXFileReference section */
		C98547562C04FD9D00E48989 /* CardTemplateView.swift */ = {isa = PBXFileReference; lastKnownFileType = sourcecode.swift; path = CardTemplateView.swift; sourceTree = "<group>"; };
		C9A8FF4B2C0429A80004A888 /* ScrollingCardsDemo.app */ = {isa = PBXFileReference; explicitFileType = wrapper.application; includeInIndex = 0; path = ScrollingCardsDemo.app; sourceTree = BUILT_PRODUCTS_DIR; };
		C9A8FF4E2C0429A80004A888 /* ScrollingCardsDemoApp.swift */ = {isa = PBXFileReference; lastKnownFileType = sourcecode.swift; path = ScrollingCardsDemoApp.swift; sourceTree = "<group>"; };
		C9A8FF522C0429A80004A888 /* ContentView.swift */ = {isa = PBXFileReference; lastKnownFileType = sourcecode.swift; path = ContentView.swift; sourceTree = "<group>"; };
		C9A8FF542C0429A90004A888 /* Assets.xcassets */ = {isa = PBXFileReference; lastKnownFileType = folder.assetcatalog; path = Assets.xcassets; sourceTree = "<group>"; };
		C9A8FF562C0429A90004A888 /* Info.plist */ = {isa = PBXFileReference; lastKnownFileType = text.plist.xml; path = Info.plist; sourceTree = "<group>"; };
		C9A8FF572C0429A90004A888 /* ScrollingCardsDemo.entitlements */ = {isa = PBXFileReference; lastKnownFileType = text.plist.entitlements; path = ScrollingCardsDemo.entitlements; sourceTree = "<group>"; };
		C9A8FF592C0429A90004A888 /* Preview Assets.xcassets */ = {isa = PBXFileReference; lastKnownFileType = folder.assetcatalog; path = "Preview Assets.xcassets"; sourceTree = "<group>"; };
		C9A8FF5F2C0429A90004A888 /* ScrollingCardsDemoTests.xctest */ = {isa = PBXFileReference; explicitFileType = wrapper.cfbundle; includeInIndex = 0; path = ScrollingCardsDemoTests.xctest; sourceTree = BUILT_PRODUCTS_DIR; };
		C9A8FF632C0429A90004A888 /* ScrollingCardsDemoTests.swift */ = {isa = PBXFileReference; lastKnownFileType = sourcecode.swift; path = ScrollingCardsDemoTests.swift; sourceTree = "<group>"; };
		C9A8FF692C0429A90004A888 /* ScrollingCardsDemoUITests.xctest */ = {isa = PBXFileReference; explicitFileType = wrapper.cfbundle; includeInIndex = 0; path = ScrollingCardsDemoUITests.xctest; sourceTree = BUILT_PRODUCTS_DIR; };
		C9A8FF6D2C0429A90004A888 /* ScrollingCardsDemoUITests.swift */ = {isa = PBXFileReference; lastKnownFileType = sourcecode.swift; path = ScrollingCardsDemoUITests.swift; sourceTree = "<group>"; };
		C9A8FF6F2C0429A90004A888 /* ScrollingCardsDemoUITestsLaunchTests.swift */ = {isa = PBXFileReference; lastKnownFileType = sourcecode.swift; path = ScrollingCardsDemoUITestsLaunchTests.swift; sourceTree = "<group>"; };
		C9A8FF7C2C0429DE0004A888 /* CardView.swift */ = {isa = PBXFileReference; lastKnownFileType = sourcecode.swift; path = CardView.swift; sourceTree = "<group>"; };
		C9A8FF7F2C042B210004A888 /* NeutralFace-Bold.otf */ = {isa = PBXFileReference; lastKnownFileType = file; path = "NeutralFace-Bold.otf"; sourceTree = "<group>"; };
		C9A8FF802C042B210004A888 /* NeutralFace.otf */ = {isa = PBXFileReference; lastKnownFileType = file; path = NeutralFace.otf; sourceTree = "<group>"; };
		C9A8FF862C042C650004A888 /* UIConstants.swift */ = {isa = PBXFileReference; lastKnownFileType = sourcecode.swift; path = UIConstants.swift; sourceTree = "<group>"; };
		C9A8FF882C0434CC0004A888 /* StyledScrollView.swift */ = {isa = PBXFileReference; lastKnownFileType = sourcecode.swift; path = StyledScrollView.swift; sourceTree = "<group>"; };
/* End PBXFileReference section */

/* Begin PBXFrameworksBuildPhase section */
		C9A8FF482C0429A80004A888 /* Frameworks */ = {
			isa = PBXFrameworksBuildPhase;
			buildActionMask = 2147483647;
			files = (
				C9A8FF8C2C0436FE0004A888 /* UIUniversals in Frameworks */,
			);
			runOnlyForDeploymentPostprocessing = 0;
		};
		C9A8FF5C2C0429A90004A888 /* Frameworks */ = {
			isa = PBXFrameworksBuildPhase;
			buildActionMask = 2147483647;
			files = (
			);
			runOnlyForDeploymentPostprocessing = 0;
		};
		C9A8FF662C0429A90004A888 /* Frameworks */ = {
			isa = PBXFrameworksBuildPhase;
			buildActionMask = 2147483647;
			files = (
			);
			runOnlyForDeploymentPostprocessing = 0;
		};
/* End PBXFrameworksBuildPhase section */

/* Begin PBXGroup section */
		C9A8FF422C0429A80004A888 = {
			isa = PBXGroup;
			children = (
				C9A8FF882C0434CC0004A888 /* StyledScrollView.swift */,
				C9A8FF4D2C0429A80004A888 /* ScrollingCardsDemo */,
				C9A8FF622C0429A90004A888 /* ScrollingCardsDemoTests */,
				C9A8FF6C2C0429A90004A888 /* ScrollingCardsDemoUITests */,
				C9A8FF4C2C0429A80004A888 /* Products */,
			);
			sourceTree = "<group>";
		};
		C9A8FF4C2C0429A80004A888 /* Products */ = {
			isa = PBXGroup;
			children = (
				C9A8FF4B2C0429A80004A888 /* ScrollingCardsDemo.app */,
				C9A8FF5F2C0429A90004A888 /* ScrollingCardsDemoTests.xctest */,
				C9A8FF692C0429A90004A888 /* ScrollingCardsDemoUITests.xctest */,
			);
			name = Products;
			sourceTree = "<group>";
		};
		C9A8FF4D2C0429A80004A888 /* ScrollingCardsDemo */ = {
			isa = PBXGroup;
			children = (
				C9A8FF4E2C0429A80004A888 /* ScrollingCardsDemoApp.swift */,
				C9A8FF522C0429A80004A888 /* ContentView.swift */,
				C9A8FF7C2C0429DE0004A888 /* CardView.swift */,
				C98547562C04FD9D00E48989 /* CardTemplateView.swift */,
				C9A8FF862C042C650004A888 /* UIConstants.swift */,
				C9A8FF542C0429A90004A888 /* Assets.xcassets */,
				C9A8FF562C0429A90004A888 /* Info.plist */,
				C9A8FF7E2C042B000004A888 /* Fonts */,
				C9A8FF572C0429A90004A888 /* ScrollingCardsDemo.entitlements */,
				C9A8FF582C0429A90004A888 /* Preview Content */,
			);
			path = ScrollingCardsDemo;
			sourceTree = "<group>";
		};
		C9A8FF582C0429A90004A888 /* Preview Content */ = {
			isa = PBXGroup;
			children = (
				C9A8FF592C0429A90004A888 /* Preview Assets.xcassets */,
			);
			path = "Preview Content";
			sourceTree = "<group>";
		};
		C9A8FF622C0429A90004A888 /* ScrollingCardsDemoTests */ = {
			isa = PBXGroup;
			children = (
				C9A8FF632C0429A90004A888 /* ScrollingCardsDemoTests.swift */,
			);
			path = ScrollingCardsDemoTests;
			sourceTree = "<group>";
		};
		C9A8FF6C2C0429A90004A888 /* ScrollingCardsDemoUITests */ = {
			isa = PBXGroup;
			children = (
				C9A8FF6D2C0429A90004A888 /* ScrollingCardsDemoUITests.swift */,
				C9A8FF6F2C0429A90004A888 /* ScrollingCardsDemoUITestsLaunchTests.swift */,
			);
			path = ScrollingCardsDemoUITests;
			sourceTree = "<group>";
		};
		C9A8FF7E2C042B000004A888 /* Fonts */ = {
			isa = PBXGroup;
			children = (
				C9A8FF7F2C042B210004A888 /* NeutralFace-Bold.otf */,
				C9A8FF802C042B210004A888 /* NeutralFace.otf */,
			);
			path = Fonts;
			sourceTree = "<group>";
		};
/* End PBXGroup section */

/* Begin PBXNativeTarget section */
		C9A8FF4A2C0429A80004A888 /* ScrollingCardsDemo */ = {
			isa = PBXNativeTarget;
			buildConfigurationList = C9A8FF732C0429A90004A888 /* Build configuration list for PBXNativeTarget "ScrollingCardsDemo" */;
			buildPhases = (
				C9A8FF472C0429A80004A888 /* Sources */,
				C9A8FF482C0429A80004A888 /* Frameworks */,
				C9A8FF492C0429A80004A888 /* Resources */,
			);
			buildRules = (
			);
			dependencies = (
			);
			name = ScrollingCardsDemo;
			packageProductDependencies = (
				C9A8FF8B2C0436FE0004A888 /* UIUniversals */,
			);
			productName = ScrollingCardsDemo;
			productReference = C9A8FF4B2C0429A80004A888 /* ScrollingCardsDemo.app */;
			productType = "com.apple.product-type.application";
		};
		C9A8FF5E2C0429A90004A888 /* ScrollingCardsDemoTests */ = {
			isa = PBXNativeTarget;
			buildConfigurationList = C9A8FF762C0429A90004A888 /* Build configuration list for PBXNativeTarget "ScrollingCardsDemoTests" */;
			buildPhases = (
				C9A8FF5B2C0429A90004A888 /* Sources */,
				C9A8FF5C2C0429A90004A888 /* Frameworks */,
				C9A8FF5D2C0429A90004A888 /* Resources */,
			);
			buildRules = (
			);
			dependencies = (
				C9A8FF612C0429A90004A888 /* PBXTargetDependency */,
			);
			name = ScrollingCardsDemoTests;
			productName = ScrollingCardsDemoTests;
			productReference = C9A8FF5F2C0429A90004A888 /* ScrollingCardsDemoTests.xctest */;
			productType = "com.apple.product-type.bundle.unit-test";
		};
		C9A8FF682C0429A90004A888 /* ScrollingCardsDemoUITests */ = {
			isa = PBXNativeTarget;
			buildConfigurationList = C9A8FF792C0429A90004A888 /* Build configuration list for PBXNativeTarget "ScrollingCardsDemoUITests" */;
			buildPhases = (
				C9A8FF652C0429A90004A888 /* Sources */,
				C9A8FF662C0429A90004A888 /* Frameworks */,
				C9A8FF672C0429A90004A888 /* Resources */,
			);
			buildRules = (
			);
			dependencies = (
				C9A8FF6B2C0429A90004A888 /* PBXTargetDependency */,
			);
			name = ScrollingCardsDemoUITests;
			productName = ScrollingCardsDemoUITests;
			productReference = C9A8FF692C0429A90004A888 /* ScrollingCardsDemoUITests.xctest */;
			productType = "com.apple.product-type.bundle.ui-testing";
		};
/* End PBXNativeTarget section */

/* Begin PBXProject section */
		C9A8FF432C0429A80004A888 /* Project object */ = {
			isa = PBXProject;
			attributes = {
				BuildIndependentTargetsInParallel = 1;
				LastSwiftUpdateCheck = 1540;
				LastUpgradeCheck = 1540;
				TargetAttributes = {
					C9A8FF4A2C0429A80004A888 = {
						CreatedOnToolsVersion = 15.4;
					};
					C9A8FF5E2C0429A90004A888 = {
						CreatedOnToolsVersion = 15.4;
						TestTargetID = C9A8FF4A2C0429A80004A888;
					};
					C9A8FF682C0429A90004A888 = {
						CreatedOnToolsVersion = 15.4;
						TestTargetID = C9A8FF4A2C0429A80004A888;
					};
				};
			};
			buildConfigurationList = C9A8FF462C0429A80004A888 /* Build configuration list for PBXProject "ScrollingCardsDemo" */;
			compatibilityVersion = "Xcode 14.0";
			developmentRegion = en;
			hasScannedForEncodings = 0;
			knownRegions = (
				en,
				Base,
			);
			mainGroup = C9A8FF422C0429A80004A888;
			packageReferences = (
				C9A8FF8A2C0436FE0004A888 /* XCRemoteSwiftPackageReference "UIUniversals" */,
			);
			productRefGroup = C9A8FF4C2C0429A80004A888 /* Products */;
			projectDirPath = "";
			projectRoot = "";
			targets = (
				C9A8FF4A2C0429A80004A888 /* ScrollingCardsDemo */,
				C9A8FF5E2C0429A90004A888 /* ScrollingCardsDemoTests */,
				C9A8FF682C0429A90004A888 /* ScrollingCardsDemoUITests */,
			);
		};
/* End PBXProject section */

/* Begin PBXResourcesBuildPhase section */
		C9A8FF492C0429A80004A888 /* Resources */ = {
			isa = PBXResourcesBuildPhase;
			buildActionMask = 2147483647;
			files = (
				C9A8FF822C042B280004A888 /* NeutralFace.otf in Resources */,
				C9A8FF812C042B240004A888 /* NeutralFace-Bold.otf in Resources */,
				C9A8FF5A2C0429A90004A888 /* Preview Assets.xcassets in Resources */,
				C9A8FF552C0429A90004A888 /* Assets.xcassets in Resources */,
			);
			runOnlyForDeploymentPostprocessing = 0;
		};
		C9A8FF5D2C0429A90004A888 /* Resources */ = {
			isa = PBXResourcesBuildPhase;
			buildActionMask = 2147483647;
			files = (
			);
			runOnlyForDeploymentPostprocessing = 0;
		};
		C9A8FF672C0429A90004A888 /* Resources */ = {
			isa = PBXResourcesBuildPhase;
			buildActionMask = 2147483647;
			files = (
			);
			runOnlyForDeploymentPostprocessing = 0;
		};
/* End PBXResourcesBuildPhase section */

/* Begin PBXSourcesBuildPhase section */
		C9A8FF472C0429A80004A888 /* Sources */ = {
			isa = PBXSourcesBuildPhase;
			buildActionMask = 2147483647;
			files = (
				C98547572C04FD9D00E48989 /* CardTemplateView.swift in Sources */,
				C9A8FF4F2C0429A80004A888 /* ScrollingCardsDemoApp.swift in Sources */,
				C9A8FF892C0434CC0004A888 /* StyledScrollView.swift in Sources */,
				C9A8FF7D2C0429DE0004A888 /* CardView.swift in Sources */,
				C9A8FF532C0429A80004A888 /* ContentView.swift in Sources */,
				C9A8FF872C042C650004A888 /* UIConstants.swift in Sources */,
			);
			runOnlyForDeploymentPostprocessing = 0;
		};
		C9A8FF5B2C0429A90004A888 /* Sources */ = {
			isa = PBXSourcesBuildPhase;
			buildActionMask = 2147483647;
			files = (
				C9A8FF642C0429A90004A888 /* ScrollingCardsDemoTests.swift in Sources */,
			);
			runOnlyForDeploymentPostprocessing = 0;
		};
		C9A8FF652C0429A90004A888 /* Sources */ = {
			isa = PBXSourcesBuildPhase;
			buildActionMask = 2147483647;
			files = (
				C9A8FF6E2C0429A90004A888 /* ScrollingCardsDemoUITests.swift in Sources */,
				C9A8FF702C0429A90004A888 /* ScrollingCardsDemoUITestsLaunchTests.swift in Sources */,
			);
			runOnlyForDeploymentPostprocessing = 0;
		};
/* End PBXSourcesBuildPhase section */

/* Begin PBXTargetDependency section */
		C9A8FF612C0429A90004A888 /* PBXTargetDependency */ = {
			isa = PBXTargetDependency;
			target = C9A8FF4A2C0429A80004A888 /* ScrollingCardsDemo */;
			targetProxy = C9A8FF602C0429A90004A888 /* PBXContainerItemProxy */;
		};
		C9A8FF6B2C0429A90004A888 /* PBXTargetDependency */ = {
			isa = PBXTargetDependency;
			target = C9A8FF4A2C0429A80004A888 /* ScrollingCardsDemo */;
			targetProxy = C9A8FF6A2C0429A90004A888 /* PBXContainerItemProxy */;
		};
/* End PBXTargetDependency section */

/* Begin XCBuildConfiguration section */
		C9A8FF712C0429A90004A888 /* Debug */ = {
			isa = XCBuildConfiguration;
			buildSettings = {
				ALWAYS_SEARCH_USER_PATHS = NO;
				ASSETCATALOG_COMPILER_GENERATE_SWIFT_ASSET_SYMBOL_EXTENSIONS = YES;
				CLANG_ANALYZER_NONNULL = YES;
				CLANG_ANALYZER_NUMBER_OBJECT_CONVERSION = YES_AGGRESSIVE;
				CLANG_CXX_LANGUAGE_STANDARD = "gnu++20";
				CLANG_ENABLE_MODULES = YES;
				CLANG_ENABLE_OBJC_ARC = YES;
				CLANG_ENABLE_OBJC_WEAK = YES;
				CLANG_WARN_BLOCK_CAPTURE_AUTORELEASING = YES;
				CLANG_WARN_BOOL_CONVERSION = YES;
				CLANG_WARN_COMMA = YES;
				CLANG_WARN_CONSTANT_CONVERSION = YES;
				CLANG_WARN_DEPRECATED_OBJC_IMPLEMENTATIONS = YES;
				CLANG_WARN_DIRECT_OBJC_ISA_USAGE = YES_ERROR;
				CLANG_WARN_DOCUMENTATION_COMMENTS = YES;
				CLANG_WARN_EMPTY_BODY = YES;
				CLANG_WARN_ENUM_CONVERSION = YES;
				CLANG_WARN_INFINITE_RECURSION = YES;
				CLANG_WARN_INT_CONVERSION = YES;
				CLANG_WARN_NON_LITERAL_NULL_CONVERSION = YES;
				CLANG_WARN_OBJC_IMPLICIT_RETAIN_SELF = YES;
				CLANG_WARN_OBJC_LITERAL_CONVERSION = YES;
				CLANG_WARN_OBJC_ROOT_CLASS = YES_ERROR;
				CLANG_WARN_QUOTED_INCLUDE_IN_FRAMEWORK_HEADER = YES;
				CLANG_WARN_RANGE_LOOP_ANALYSIS = YES;
				CLANG_WARN_STRICT_PROTOTYPES = YES;
				CLANG_WARN_SUSPICIOUS_MOVE = YES;
				CLANG_WARN_UNGUARDED_AVAILABILITY = YES_AGGRESSIVE;
				CLANG_WARN_UNREACHABLE_CODE = YES;
				CLANG_WARN__DUPLICATE_METHOD_MATCH = YES;
				COPY_PHASE_STRIP = NO;
				DEBUG_INFORMATION_FORMAT = dwarf;
				ENABLE_STRICT_OBJC_MSGSEND = YES;
				ENABLE_TESTABILITY = YES;
				ENABLE_USER_SCRIPT_SANDBOXING = YES;
				GCC_C_LANGUAGE_STANDARD = gnu17;
				GCC_DYNAMIC_NO_PIC = NO;
				GCC_NO_COMMON_BLOCKS = YES;
				GCC_OPTIMIZATION_LEVEL = 0;
				GCC_PREPROCESSOR_DEFINITIONS = (
					"DEBUG=1",
					"$(inherited)",
				);
				GCC_WARN_64_TO_32_BIT_CONVERSION = YES;
				GCC_WARN_ABOUT_RETURN_TYPE = YES_ERROR;
				GCC_WARN_UNDECLARED_SELECTOR = YES;
				GCC_WARN_UNINITIALIZED_AUTOS = YES_AGGRESSIVE;
				GCC_WARN_UNUSED_FUNCTION = YES;
				GCC_WARN_UNUSED_VARIABLE = YES;
				LOCALIZATION_PREFERS_STRING_CATALOGS = YES;
				MTL_ENABLE_DEBUG_INFO = INCLUDE_SOURCE;
				MTL_FAST_MATH = YES;
				ONLY_ACTIVE_ARCH = YES;
				SWIFT_ACTIVE_COMPILATION_CONDITIONS = "DEBUG $(inherited)";
				SWIFT_OPTIMIZATION_LEVEL = "-Onone";
			};
			name = Debug;
		};
		C9A8FF722C0429A90004A888 /* Release */ = {
			isa = XCBuildConfiguration;
			buildSettings = {
				ALWAYS_SEARCH_USER_PATHS = NO;
				ASSETCATALOG_COMPILER_GENERATE_SWIFT_ASSET_SYMBOL_EXTENSIONS = YES;
				CLANG_ANALYZER_NONNULL = YES;
				CLANG_ANALYZER_NUMBER_OBJECT_CONVERSION = YES_AGGRESSIVE;
				CLANG_CXX_LANGUAGE_STANDARD = "gnu++20";
				CLANG_ENABLE_MODULES = YES;
				CLANG_ENABLE_OBJC_ARC = YES;
				CLANG_ENABLE_OBJC_WEAK = YES;
				CLANG_WARN_BLOCK_CAPTURE_AUTORELEASING = YES;
				CLANG_WARN_BOOL_CONVERSION = YES;
				CLANG_WARN_COMMA = YES;
				CLANG_WARN_CONSTANT_CONVERSION = YES;
				CLANG_WARN_DEPRECATED_OBJC_IMPLEMENTATIONS = YES;
				CLANG_WARN_DIRECT_OBJC_ISA_USAGE = YES_ERROR;
				CLANG_WARN_DOCUMENTATION_COMMENTS = YES;
				CLANG_WARN_EMPTY_BODY = YES;
				CLANG_WARN_ENUM_CONVERSION = YES;
				CLANG_WARN_INFINITE_RECURSION = YES;
				CLANG_WARN_INT_CONVERSION = YES;
				CLANG_WARN_NON_LITERAL_NULL_CONVERSION = YES;
				CLANG_WARN_OBJC_IMPLICIT_RETAIN_SELF = YES;
				CLANG_WARN_OBJC_LITERAL_CONVERSION = YES;
				CLANG_WARN_OBJC_ROOT_CLASS = YES_ERROR;
				CLANG_WARN_QUOTED_INCLUDE_IN_FRAMEWORK_HEADER = YES;
				CLANG_WARN_RANGE_LOOP_ANALYSIS = YES;
				CLANG_WARN_STRICT_PROTOTYPES = YES;
				CLANG_WARN_SUSPICIOUS_MOVE = YES;
				CLANG_WARN_UNGUARDED_AVAILABILITY = YES_AGGRESSIVE;
				CLANG_WARN_UNREACHABLE_CODE = YES;
				CLANG_WARN__DUPLICATE_METHOD_MATCH = YES;
				COPY_PHASE_STRIP = NO;
				DEBUG_INFORMATION_FORMAT = "dwarf-with-dsym";
				ENABLE_NS_ASSERTIONS = NO;
				ENABLE_STRICT_OBJC_MSGSEND = YES;
				ENABLE_USER_SCRIPT_SANDBOXING = YES;
				GCC_C_LANGUAGE_STANDARD = gnu17;
				GCC_NO_COMMON_BLOCKS = YES;
				GCC_WARN_64_TO_32_BIT_CONVERSION = YES;
				GCC_WARN_ABOUT_RETURN_TYPE = YES_ERROR;
				GCC_WARN_UNDECLARED_SELECTOR = YES;
				GCC_WARN_UNINITIALIZED_AUTOS = YES_AGGRESSIVE;
				GCC_WARN_UNUSED_FUNCTION = YES;
				GCC_WARN_UNUSED_VARIABLE = YES;
				LOCALIZATION_PREFERS_STRING_CATALOGS = YES;
				MTL_ENABLE_DEBUG_INFO = NO;
				MTL_FAST_MATH = YES;
				SWIFT_COMPILATION_MODE = wholemodule;
			};
			name = Release;
		};
		C9A8FF742C0429A90004A888 /* Debug */ = {
			isa = XCBuildConfiguration;
			buildSettings = {
				ASSETCATALOG_COMPILER_APPICON_NAME = AppIcon;
				ASSETCATALOG_COMPILER_GLOBAL_ACCENT_COLOR_NAME = AccentColor;
				CODE_SIGN_ENTITLEMENTS = ScrollingCardsDemo/ScrollingCardsDemo.entitlements;
				CODE_SIGN_STYLE = Automatic;
				CURRENT_PROJECT_VERSION = 1;
				DEVELOPMENT_ASSET_PATHS = "\"ScrollingCardsDemo/Preview Content\"";
				DEVELOPMENT_TEAM = LN4JU8GNV7;
				ENABLE_HARDENED_RUNTIME = YES;
				ENABLE_PREVIEWS = YES;
				GENERATE_INFOPLIST_FILE = YES;
				INFOPLIST_FILE = ScrollingCardsDemo/Info.plist;
				"INFOPLIST_KEY_UIApplicationSceneManifest_Generation[sdk=iphoneos*]" = YES;
				"INFOPLIST_KEY_UIApplicationSceneManifest_Generation[sdk=iphonesimulator*]" = YES;
				"INFOPLIST_KEY_UIApplicationSupportsIndirectInputEvents[sdk=iphoneos*]" = YES;
				"INFOPLIST_KEY_UIApplicationSupportsIndirectInputEvents[sdk=iphonesimulator*]" = YES;
				"INFOPLIST_KEY_UILaunchScreen_Generation[sdk=iphoneos*]" = YES;
				"INFOPLIST_KEY_UILaunchScreen_Generation[sdk=iphonesimulator*]" = YES;
				"INFOPLIST_KEY_UIStatusBarStyle[sdk=iphoneos*]" = UIStatusBarStyleDefault;
				"INFOPLIST_KEY_UIStatusBarStyle[sdk=iphonesimulator*]" = UIStatusBarStyleDefault;
				INFOPLIST_KEY_UISupportedInterfaceOrientations_iPad = "UIInterfaceOrientationPortrait UIInterfaceOrientationPortraitUpsideDown UIInterfaceOrientationLandscapeLeft UIInterfaceOrientationLandscapeRight";
				INFOPLIST_KEY_UISupportedInterfaceOrientations_iPhone = "UIInterfaceOrientationPortrait UIInterfaceOrientationLandscapeLeft UIInterfaceOrientationLandscapeRight";
				"INFOPLIST_KEY_UISupportsDocumentBrowser[sdk=iphoneos*]" = YES;
				"INFOPLIST_KEY_UISupportsDocumentBrowser[sdk=iphonesimulator*]" = YES;
				IPHONEOS_DEPLOYMENT_TARGET = 17.5;
				LD_RUNPATH_SEARCH_PATHS = "@executable_path/Frameworks";
				"LD_RUNPATH_SEARCH_PATHS[sdk=macosx*]" = "@executable_path/../Frameworks";
				MACOSX_DEPLOYMENT_TARGET = 14.5;
				MARKETING_VERSION = 1.0;
				PRODUCT_BUNDLE_IDENTIFIER = com.BrianMasse.ScrollingCardsDemo;
				PRODUCT_NAME = "$(TARGET_NAME)";
				SDKROOT = auto;
				SUPPORTED_PLATFORMS = "iphoneos iphonesimulator";
				SUPPORTS_MACCATALYST = NO;
				SWIFT_EMIT_LOC_STRINGS = YES;
				SWIFT_VERSION = 5.0;
				TARGETED_DEVICE_FAMILY = "1,2";
			};
			name = Debug;
		};
		C9A8FF752C0429A90004A888 /* Release */ = {
			isa = XCBuildConfiguration;
			buildSettings = {
				ASSETCATALOG_COMPILER_APPICON_NAME = AppIcon;
				ASSETCATALOG_COMPILER_GLOBAL_ACCENT_COLOR_NAME = AccentColor;
				CODE_SIGN_ENTITLEMENTS = ScrollingCardsDemo/ScrollingCardsDemo.entitlements;
				CODE_SIGN_STYLE = Automatic;
				CURRENT_PROJECT_VERSION = 1;
				DEVELOPMENT_ASSET_PATHS = "\"ScrollingCardsDemo/Preview Content\"";
				DEVELOPMENT_TEAM = LN4JU8GNV7;
				ENABLE_HARDENED_RUNTIME = YES;
				ENABLE_PREVIEWS = YES;
				GENERATE_INFOPLIST_FILE = YES;
				INFOPLIST_FILE = ScrollingCardsDemo/Info.plist;
				"INFOPLIST_KEY_UIApplicationSceneManifest_Generation[sdk=iphoneos*]" = YES;
				"INFOPLIST_KEY_UIApplicationSceneManifest_Generation[sdk=iphonesimulator*]" = YES;
				"INFOPLIST_KEY_UIApplicationSupportsIndirectInputEvents[sdk=iphoneos*]" = YES;
				"INFOPLIST_KEY_UIApplicationSupportsIndirectInputEvents[sdk=iphonesimulator*]" = YES;
				"INFOPLIST_KEY_UILaunchScreen_Generation[sdk=iphoneos*]" = YES;
				"INFOPLIST_KEY_UILaunchScreen_Generation[sdk=iphonesimulator*]" = YES;
				"INFOPLIST_KEY_UIStatusBarStyle[sdk=iphoneos*]" = UIStatusBarStyleDefault;
				"INFOPLIST_KEY_UIStatusBarStyle[sdk=iphonesimulator*]" = UIStatusBarStyleDefault;
				INFOPLIST_KEY_UISupportedInterfaceOrientations_iPad = "UIInterfaceOrientationPortrait UIInterfaceOrientationPortraitUpsideDown UIInterfaceOrientationLandscapeLeft UIInterfaceOrientationLandscapeRight";
				INFOPLIST_KEY_UISupportedInterfaceOrientations_iPhone = "UIInterfaceOrientationPortrait UIInterfaceOrientationLandscapeLeft UIInterfaceOrientationLandscapeRight";
				"INFOPLIST_KEY_UISupportsDocumentBrowser[sdk=iphoneos*]" = YES;
				"INFOPLIST_KEY_UISupportsDocumentBrowser[sdk=iphonesimulator*]" = YES;
				IPHONEOS_DEPLOYMENT_TARGET = 17.5;
				LD_RUNPATH_SEARCH_PATHS = "@executable_path/Frameworks";
				"LD_RUNPATH_SEARCH_PATHS[sdk=macosx*]" = "@executable_path/../Frameworks";
				MACOSX_DEPLOYMENT_TARGET = 14.5;
				MARKETING_VERSION = 1.0;
				PRODUCT_BUNDLE_IDENTIFIER = com.BrianMasse.ScrollingCardsDemo;
				PRODUCT_NAME = "$(TARGET_NAME)";
				SDKROOT = auto;
				SUPPORTED_PLATFORMS = "iphoneos iphonesimulator";
				SUPPORTS_MACCATALYST = NO;
				SWIFT_EMIT_LOC_STRINGS = YES;
				SWIFT_VERSION = 5.0;
				TARGETED_DEVICE_FAMILY = "1,2";
			};
			name = Release;
		};
		C9A8FF772C0429A90004A888 /* Debug */ = {
			isa = XCBuildConfiguration;
			buildSettings = {
				ALWAYS_EMBED_SWIFT_STANDARD_LIBRARIES = YES;
				BUNDLE_LOADER = "$(TEST_HOST)";
				CODE_SIGN_STYLE = Automatic;
				CURRENT_PROJECT_VERSION = 1;
				DEVELOPMENT_TEAM = LN4JU8GNV7;
				GENERATE_INFOPLIST_FILE = YES;
				IPHONEOS_DEPLOYMENT_TARGET = 17.5;
				MACOSX_DEPLOYMENT_TARGET = 14.5;
				MARKETING_VERSION = 1.0;
				PRODUCT_BUNDLE_IDENTIFIER = com.BrianMasse.ScrollingCardsDemoTests;
				PRODUCT_NAME = "$(TARGET_NAME)";
				SDKROOT = auto;
				SUPPORTED_PLATFORMS = "iphoneos iphonesimulator macosx";
				SWIFT_EMIT_LOC_STRINGS = NO;
				SWIFT_VERSION = 5.0;
				TARGETED_DEVICE_FAMILY = "1,2";
				TEST_HOST = "$(BUILT_PRODUCTS_DIR)/ScrollingCardsDemo.app/$(BUNDLE_EXECUTABLE_FOLDER_PATH)/ScrollingCardsDemo";
			};
			name = Debug;
		};
		C9A8FF782C0429A90004A888 /* Release */ = {
			isa = XCBuildConfiguration;
			buildSettings = {
				ALWAYS_EMBED_SWIFT_STANDARD_LIBRARIES = YES;
				BUNDLE_LOADER = "$(TEST_HOST)";
				CODE_SIGN_STYLE = Automatic;
				CURRENT_PROJECT_VERSION = 1;
				DEVELOPMENT_TEAM = LN4JU8GNV7;
				GENERATE_INFOPLIST_FILE = YES;
				IPHONEOS_DEPLOYMENT_TARGET = 17.5;
				MACOSX_DEPLOYMENT_TARGET = 14.5;
				MARKETING_VERSION = 1.0;
				PRODUCT_BUNDLE_IDENTIFIER = com.BrianMasse.ScrollingCardsDemoTests;
				PRODUCT_NAME = "$(TARGET_NAME)";
				SDKROOT = auto;
				SUPPORTED_PLATFORMS = "iphoneos iphonesimulator macosx";
				SWIFT_EMIT_LOC_STRINGS = NO;
				SWIFT_VERSION = 5.0;
				TARGETED_DEVICE_FAMILY = "1,2";
				TEST_HOST = "$(BUILT_PRODUCTS_DIR)/ScrollingCardsDemo.app/$(BUNDLE_EXECUTABLE_FOLDER_PATH)/ScrollingCardsDemo";
			};
			name = Release;
		};
		C9A8FF7A2C0429A90004A888 /* Debug */ = {
			isa = XCBuildConfiguration;
			buildSettings = {
				ALWAYS_EMBED_SWIFT_STANDARD_LIBRARIES = YES;
				CODE_SIGN_STYLE = Automatic;
				CURRENT_PROJECT_VERSION = 1;
				DEVELOPMENT_TEAM = LN4JU8GNV7;
				GENERATE_INFOPLIST_FILE = YES;
				IPHONEOS_DEPLOYMENT_TARGET = 17.5;
				MACOSX_DEPLOYMENT_TARGET = 14.5;
				MARKETING_VERSION = 1.0;
				PRODUCT_BUNDLE_IDENTIFIER = com.BrianMasse.ScrollingCardsDemoUITests;
				PRODUCT_NAME = "$(TARGET_NAME)";
				SDKROOT = auto;
				SUPPORTED_PLATFORMS = "iphoneos iphonesimulator macosx";
				SWIFT_EMIT_LOC_STRINGS = NO;
				SWIFT_VERSION = 5.0;
				TARGETED_DEVICE_FAMILY = "1,2";
				TEST_TARGET_NAME = ScrollingCardsDemo;
			};
			name = Debug;
		};
		C9A8FF7B2C0429A90004A888 /* Release */ = {
			isa = XCBuildConfiguration;
			buildSettings = {
				ALWAYS_EMBED_SWIFT_STANDARD_LIBRARIES = YES;
				CODE_SIGN_STYLE = Automatic;
				CURRENT_PROJECT_VERSION = 1;
				DEVELOPMENT_TEAM = LN4JU8GNV7;
				GENERATE_INFOPLIST_FILE = YES;
				IPHONEOS_DEPLOYMENT_TARGET = 17.5;
				MACOSX_DEPLOYMENT_TARGET = 14.5;
				MARKETING_VERSION = 1.0;
				PRODUCT_BUNDLE_IDENTIFIER = com.BrianMasse.ScrollingCardsDemoUITests;
				PRODUCT_NAME = "$(TARGET_NAME)";
				SDKROOT = auto;
				SUPPORTED_PLATFORMS = "iphoneos iphonesimulator macosx";
				SWIFT_EMIT_LOC_STRINGS = NO;
				SWIFT_VERSION = 5.0;
				TARGETED_DEVICE_FAMILY = "1,2";
				TEST_TARGET_NAME = ScrollingCardsDemo;
			};
			name = Release;
		};
/* End XCBuildConfiguration section */

/* Begin XCConfigurationList section */
		C9A8FF462C0429A80004A888 /* Build configuration list for PBXProject "ScrollingCardsDemo" */ = {
			isa = XCConfigurationList;
			buildConfigurations = (
				C9A8FF712C0429A90004A888 /* Debug */,
				C9A8FF722C0429A90004A888 /* Release */,
			);
			defaultConfigurationIsVisible = 0;
			defaultConfigurationName = Release;
		};
		C9A8FF732C0429A90004A888 /* Build configuration list for PBXNativeTarget "ScrollingCardsDemo" */ = {
			isa = XCConfigurationList;
			buildConfigurations = (
				C9A8FF742C0429A90004A888 /* Debug */,
				C9A8FF752C0429A90004A888 /* Release */,
			);
			defaultConfigurationIsVisible = 0;
			defaultConfigurationName = Release;
		};
		C9A8FF762C0429A90004A888 /* Build configuration list for PBXNativeTarget "ScrollingCardsDemoTests" */ = {
			isa = XCConfigurationList;
			buildConfigurations = (
				C9A8FF772C0429A90004A888 /* Debug */,
				C9A8FF782C0429A90004A888 /* Release */,
			);
			defaultConfigurationIsVisible = 0;
			defaultConfigurationName = Release;
		};
		C9A8FF792C0429A90004A888 /* Build configuration list for PBXNativeTarget "ScrollingCardsDemoUITests" */ = {
			isa = XCConfigurationList;
			buildConfigurations = (
				C9A8FF7A2C0429A90004A888 /* Debug */,
				C9A8FF7B2C0429A90004A888 /* Release */,
			);
			defaultConfigurationIsVisible = 0;
			defaultConfigurationName = Release;
		};
/* End XCConfigurationList section */

/* Begin XCRemoteSwiftPackageReference section */
		C9A8FF8A2C0436FE0004A888 /* XCRemoteSwiftPackageReference "UIUniversals" */ = {
			isa = XCRemoteSwiftPackageReference;
			repositoryURL = "https://github.com/Brian-Masse/UIUniversals";
			requirement = {
				branch = main;
				kind = branch;
			};
		};
/* End XCRemoteSwiftPackageReference section */

/* Begin XCSwiftPackageProductDependency section */
		C9A8FF8B2C0436FE0004A888 /* UIUniversals */ = {
			isa = XCSwiftPackageProductDependency;
			package = C9A8FF8A2C0436FE0004A888 /* XCRemoteSwiftPackageReference "UIUniversals" */;
			productName = UIUniversals;
		};
/* End XCSwiftPackageProductDependency section */
	};
	rootObject = C9A8FF432C0429A80004A888 /* Project object */;
}
